
Microsoft Visual Studio Solution File, Format Version 12.00
# Visual Studio Version 17
VisualStudioVersion = 17.5.002.0
MinimumVisualStudioVersion = 10.0.40219.1
Project("{9A19103F-16F7-4668-BE54-9A1E7A4F7556}") = "oda_test", "oda_test.csproj", "{BF4D65D3-8E24-45BE-96F3-46E671F642FA}"
EndProject
Global
	GlobalSection(SolutionConfigurationPlatforms) = preSolution
		Debug|Any CPU = Debug|Any CPU
		Release|Any CPU = Release|Any CPU
	EndGlobalSection
	GlobalSection(ProjectConfigurationPlatforms) = postSolution
		{BF4D65D3-8E24-45BE-96F3-46E671F642FA}.Debug|Any CPU.ActiveCfg = Debug|Any CPU
		{BF4D65D3-8E24-45BE-96F3-46E671F642FA}.Debug|Any CPU.Build.0 = Debug|Any CPU
		{BF4D65D3-8E24-45BE-96F3-46E671F642FA}.Release|Any CPU.ActiveCfg = Release|Any CPU
		{BF4D65D3-8E24-45BE-96F3-46E671F642FA}.Release|Any CPU.Build.0 = Release|Any CPU
	EndGlobalSection
	GlobalSection(SolutionProperties) = preSolution
		HideSolutionNode = FALSE
	EndGlobalSection
	GlobalSection(ExtensibilityGlobals) = postSolution
		SolutionGuid = {76590427-0D5D-4511-8D09-D02081CE244E}
	EndGlobalSection
EndGlobal
